
Microsoft Visual Studio Solution File, Format Version 12.00
# Visual Studio 2015
Project("{FAE04EC0-301F-11D3-BF4B-00C04F79EFBC}") = "AeroFarm.CSharp", "AeroFarm.CSharp.csproj", "{0FFD31A2-D0B9-47AC-BBB8-510D65C0ABFE}"
EndProject
Global
	GlobalSection(SolutionConfigurationPlatforms) = preSolution
		Debug|Any CPU = Debug|Any CPU
		Release|Any CPU = Release|Any CPU
	EndGlobalSection
	GlobalSection(ProjectConfigurationPlatforms) = postSolution
		{0FFD31A2-D0B9-47AC-BBB8-510D65C0ABFE}.Debug|Any CPU.ActiveCfg = Debug|Any CPU
		{0FFD31A2-D0B9-47AC-BBB8-510D65C0ABFE}.Debug|Any CPU.Build.0 = Debug|Any CPU
		{0FFD31A2-D0B9-47AC-BBB8-510D65C0ABFE}.Release|Any CPU.ActiveCfg = Release|Any CPU
		{0FFD31A2-D0B9-47AC-BBB8-510D65C0ABFE}.Release|Any CPU.Build.0 = Release|Any CPU
	EndGlobalSection
	GlobalSection(SolutionProperties) = preSolution
		HideSolutionNode = FALSE
	EndGlobalSection
EndGlobal
